
Microsoft Visual Studio Solution File, Format Version 12.00
# Visual Studio Version 17
VisualStudioVersion = 17.4.33213.308
MinimumVisualStudioVersion = 10.0.40219.1
Project("{FAE04EC0-301F-11D3-BF4B-00C04F79EFBC}") = "GeneratorFigurki", "GeneratorFigurki\GeneratorFigurki.csproj", "{735E539B-18F2-4CC6-A962-0CF620D8FA1D}"
EndProject
Global
	GlobalSection(SolutionConfigurationPlatforms) = preSolution
		Debug|Any CPU = Debug|Any CPU
		Release|Any CPU = Release|Any CPU
	EndGlobalSection
	GlobalSection(ProjectConfigurationPlatforms) = postSolution
		{735E539B-18F2-4CC6-A962-0CF620D8FA1D}.Debug|Any CPU.ActiveCfg = Debug|Any CPU
		{735E539B-18F2-4CC6-A962-0CF620D8FA1D}.Debug|Any CPU.Build.0 = Debug|Any CPU
		{735E539B-18F2-4CC6-A962-0CF620D8FA1D}.Release|Any CPU.ActiveCfg = Release|Any CPU
		{735E539B-18F2-4CC6-A962-0CF620D8FA1D}.Release|Any CPU.Build.0 = Release|Any CPU
	EndGlobalSection
	GlobalSection(SolutionProperties) = preSolution
		HideSolutionNode = FALSE
	EndGlobalSection
	GlobalSection(ExtensibilityGlobals) = postSolution
		SolutionGuid = {F553DE2F-0D83-41EA-86A3-4ABA828351DB}
	EndGlobalSection
EndGlobal
